
Microsoft Visual Studio Solution File, Format Version 12.00
Project("{FAE04EC0-301F-11D3-BF4B-00C04F79EFBC}") = "aspnetcore22mvc-okta-signin", "aspnetcore22mvc-okta-signin\aspnetcore22mvc-okta-signin.csproj", "{2194475E-5B5E-4866-B040-D065BF10374A}"
EndProject
Global
	GlobalSection(SolutionConfigurationPlatforms) = preSolution
		Debug|Any CPU = Debug|Any CPU
		Release|Any CPU = Release|Any CPU
	EndGlobalSection
	GlobalSection(ProjectConfigurationPlatforms) = postSolution
		{2194475E-5B5E-4866-B040-D065BF10374A}.Debug|Any CPU.ActiveCfg = Debug|Any CPU
		{2194475E-5B5E-4866-B040-D065BF10374A}.Debug|Any CPU.Build.0 = Debug|Any CPU
		{2194475E-5B5E-4866-B040-D065BF10374A}.Release|Any CPU.ActiveCfg = Release|Any CPU
		{2194475E-5B5E-4866-B040-D065BF10374A}.Release|Any CPU.Build.0 = Release|Any CPU
	EndGlobalSection
EndGlobal
